
Microsoft Visual Studio Solution File, Format Version 12.00
# Visual Studio Version 17
VisualStudioVersion = 17.3.32929.385
MinimumVisualStudioVersion = 10.0.40219.1
Project("{FAE04EC0-301F-11D3-BF4B-00C04F79EFBC}") = "EmailSender", "EmailSender\EmailSender.csproj", "{B1573D14-E3C9-4E6D-8276-615E0C2EEAFA}"
EndProject
Global
	GlobalSection(SolutionConfigurationPlatforms) = preSolution
		Debug|Any CPU = Debug|Any CPU
		Release|Any CPU = Release|Any CPU
	EndGlobalSection
	GlobalSection(ProjectConfigurationPlatforms) = postSolution
		{B1573D14-E3C9-4E6D-8276-615E0C2EEAFA}.Debug|Any CPU.ActiveCfg = Debug|Any CPU
		{B1573D14-E3C9-4E6D-8276-615E0C2EEAFA}.Debug|Any CPU.Build.0 = Debug|Any CPU
		{B1573D14-E3C9-4E6D-8276-615E0C2EEAFA}.Release|Any CPU.ActiveCfg = Release|Any CPU
		{B1573D14-E3C9-4E6D-8276-615E0C2EEAFA}.Release|Any CPU.Build.0 = Release|Any CPU
	EndGlobalSection
	GlobalSection(SolutionProperties) = preSolution
		HideSolutionNode = FALSE
	EndGlobalSection
	GlobalSection(ExtensibilityGlobals) = postSolution
		SolutionGuid = {0E2427F3-9D50-45F6-B2BC-2B4084EED590}
	EndGlobalSection
EndGlobal
